// !$*UTF8*$!
{
	archiveVersion = 1;
	classes = {
	};
	objectVersion = 55;
	objects = {

/* Begin PBXBuildFile section */
		D9F723C028CF5B340016D9E0 /* SplashLoading.swift in Sources */ = {isa = PBXBuildFile; fileRef = D9F723BF28CF5B340016D9E0 /* SplashLoading.swift */; };
		D9F723C328CF5C0F0016D9E0 /* Lottie in Frameworks */ = {isa = PBXBuildFile; productRef = D9F723C228CF5C0F0016D9E0 /* Lottie */; };
		D9F723C528CF5D7E0016D9E0 /* LottieView.swift in Sources */ = {isa = PBXBuildFile; fileRef = D9F723C428CF5D7E0016D9E0 /* LottieView.swift */; };
		D9F723D028D0A1CE0016D9E0 /* loadingwater.json in Resources */ = {isa = PBXBuildFile; fileRef = D9F723CF28D0A1CE0016D9E0 /* loadingwater.json */; };
		D9F723D628D0A7C60016D9E0 /* planting.json in Resources */ = {isa = PBXBuildFile; fileRef = D9F723D528D0A7C60016D9E0 /* planting.json */; };
		D9F92E8528C78FB700EACD8B /* AppDelegate.swift in Sources */ = {isa = PBXBuildFile; fileRef = D9F92E8428C78FB700EACD8B /* AppDelegate.swift */; };
		D9F92E8728C78FB700EACD8B /* SceneDelegate.swift in Sources */ = {isa = PBXBuildFile; fileRef = D9F92E8628C78FB700EACD8B /* SceneDelegate.swift */; };
		D9F92E8928C78FB700EACD8B /* ViewController.swift in Sources */ = {isa = PBXBuildFile; fileRef = D9F92E8828C78FB700EACD8B /* ViewController.swift */; };
		D9F92E8F28C78FB700EACD8B /* Wattering_plant.xcdatamodeld in Sources */ = {isa = PBXBuildFile; fileRef = D9F92E8D28C78FB700EACD8B /* Wattering_plant.xcdatamodeld */; };
		D9F92E9128C78FB800EACD8B /* Assets.xcassets in Resources */ = {isa = PBXBuildFile; fileRef = D9F92E9028C78FB800EACD8B /* Assets.xcassets */; };
		D9F92E9428C78FB800EACD8B /* LaunchScreen.storyboard in Resources */ = {isa = PBXBuildFile; fileRef = D9F92E9228C78FB800EACD8B /* LaunchScreen.storyboard */; };
		D9F92E9F28C78FB800EACD8B /* Wattering_plantTests.swift in Sources */ = {isa = PBXBuildFile; fileRef = D9F92E9E28C78FB800EACD8B /* Wattering_plantTests.swift */; };
		D9F92EA928C78FB800EACD8B /* Wattering_plantUITests.swift in Sources */ = {isa = PBXBuildFile; fileRef = D9F92EA828C78FB800EACD8B /* Wattering_plantUITests.swift */; };
		D9F92EAB28C78FB800EACD8B /* Wattering_plantUITestsLaunchTests.swift in Sources */ = {isa = PBXBuildFile; fileRef = D9F92EAA28C78FB800EACD8B /* Wattering_plantUITestsLaunchTests.swift */; };
/* End PBXBuildFile section */

/* Begin PBXContainerItemProxy section */
		D9F92E9B28C78FB800EACD8B /* PBXContainerItemProxy */ = {
			isa = PBXContainerItemProxy;
			containerPortal = D9F92E7928C78FB700EACD8B /* Project object */;
			proxyType = 1;
			remoteGlobalIDString = D9F92E8028C78FB700EACD8B;
			remoteInfo = "Wattering plant";
		};
		D9F92EA528C78FB800EACD8B /* PBXContainerItemProxy */ = {
			isa = PBXContainerItemProxy;
			containerPortal = D9F92E7928C78FB700EACD8B /* Project object */;
			proxyType = 1;
			remoteGlobalIDString = D9F92E8028C78FB700EACD8B;
			remoteInfo = "Wattering plant";
		};
/* End PBXContainerItemProxy section */

/* Begin PBXFileReference section */
		D9F723BF28CF5B340016D9E0 /* SplashLoading.swift */ = {isa = PBXFileReference; lastKnownFileType = sourcecode.swift; path = SplashLoading.swift; sourceTree = "<group>"; };
		D9F723C428CF5D7E0016D9E0 /* LottieView.swift */ = {isa = PBXFileReference; lastKnownFileType = sourcecode.swift; path = LottieView.swift; sourceTree = "<group>"; };
		D9F723CF28D0A1CE0016D9E0 /* loadingwater.json */ = {isa = PBXFileReference; fileEncoding = 4; lastKnownFileType = text.json; path = loadingwater.json; sourceTree = "<group>"; };
		D9F723D528D0A7C60016D9E0 /* planting.json */ = {isa = PBXFileReference; fileEncoding = 4; lastKnownFileType = text.json; path = planting.json; sourceTree = "<group>"; };
		D9F92E8128C78FB700EACD8B /* Wattering plant.app */ = {isa = PBXFileReference; explicitFileType = wrapper.application; includeInIndex = 0; path = "Wattering plant.app"; sourceTree = BUILT_PRODUCTS_DIR; };
		D9F92E8428C78FB700EACD8B /* AppDelegate.swift */ = {isa = PBXFileReference; lastKnownFileType = sourcecode.swift; path = AppDelegate.swift; sourceTree = "<group>"; };
		D9F92E8628C78FB700EACD8B /* SceneDelegate.swift */ = {isa = PBXFileReference; lastKnownFileType = sourcecode.swift; path = SceneDelegate.swift; sourceTree = "<group>"; };
		D9F92E8828C78FB700EACD8B /* ViewController.swift */ = {isa = PBXFileReference; lastKnownFileType = sourcecode.swift; path = ViewController.swift; sourceTree = "<group>"; };
		D9F92E8E28C78FB700EACD8B /* Wattering_plant.xcdatamodel */ = {isa = PBXFileReference; lastKnownFileType = wrapper.xcdatamodel; path = Wattering_plant.xcdatamodel; sourceTree = "<group>"; };
		D9F92E9028C78FB800EACD8B /* Assets.xcassets */ = {isa = PBXFileReference; lastKnownFileType = folder.assetcatalog; path = Assets.xcassets; sourceTree = "<group>"; };
		D9F92E9328C78FB800EACD8B /* Base */ = {isa = PBXFileReference; lastKnownFileType = file.storyboard; name = Base; path = Base.lproj/LaunchScreen.storyboard; sourceTree = "<group>"; };
		D9F92E9528C78FB800EACD8B /* Info.plist */ = {isa = PBXFileReference; lastKnownFileType = text.plist.xml; path = Info.plist; sourceTree = "<group>"; };
		D9F92E9A28C78FB800EACD8B /* Wattering plantTests.xctest */ = {isa = PBXFileReference; explicitFileType = wrapper.cfbundle; includeInIndex = 0; path = "Wattering plantTests.xctest"; sourceTree = BUILT_PRODUCTS_DIR; };
		D9F92E9E28C78FB800EACD8B /* Wattering_plantTests.swift */ = {isa = PBXFileReference; lastKnownFileType = sourcecode.swift; path = Wattering_plantTests.swift; sourceTree = "<group>"; };
		D9F92EA428C78FB800EACD8B /* Wattering plantUITests.xctest */ = {isa = PBXFileReference; explicitFileType = wrapper.cfbundle; includeInIndex = 0; path = "Wattering plantUITests.xctest"; sourceTree = BUILT_PRODUCTS_DIR; };
		D9F92EA828C78FB800EACD8B /* Wattering_plantUITests.swift */ = {isa = PBXFileReference; lastKnownFileType = sourcecode.swift; path = Wattering_plantUITests.swift; sourceTree = "<group>"; };
		D9F92EAA28C78FB800EACD8B /* Wattering_plantUITestsLaunchTests.swift */ = {isa = PBXFileReference; lastKnownFileType = sourcecode.swift; path = Wattering_plantUITestsLaunchTests.swift; sourceTree = "<group>"; };
/* End PBXFileReference section */

/* Begin PBXFrameworksBuildPhase section */
		D9F92E7E28C78FB700EACD8B /* Frameworks */ = {
			isa = PBXFrameworksBuildPhase;
			buildActionMask = 2147483647;
			files = (
				D9F723C328CF5C0F0016D9E0 /* Lottie in Frameworks */,
			);
			runOnlyForDeploymentPostprocessing = 0;
		};
		D9F92E9728C78FB800EACD8B /* Frameworks */ = {
			isa = PBXFrameworksBuildPhase;
			buildActionMask = 2147483647;
			files = (
			);
			runOnlyForDeploymentPostprocessing = 0;
		};
		D9F92EA128C78FB800EACD8B /* Frameworks */ = {
			isa = PBXFrameworksBuildPhase;
			buildActionMask = 2147483647;
			files = (
			);
			runOnlyForDeploymentPostprocessing = 0;
		};
/* End PBXFrameworksBuildPhase section */

/* Begin PBXGroup section */
		D9F723C828CF690C0016D9E0 /* Animations - Json */ = {
			isa = PBXGroup;
			children = (
				D9F723D528D0A7C60016D9E0 /* planting.json */,
				D9F723CF28D0A1CE0016D9E0 /* loadingwater.json */,
			);
			path = "Animations - Json";
			sourceTree = "<group>";
		};
		D9F92E7828C78FB700EACD8B = {
			isa = PBXGroup;
			children = (
				D9F92E8328C78FB700EACD8B /* Wattering plant */,
				D9F92E9D28C78FB800EACD8B /* Wattering plantTests */,
				D9F92EA728C78FB800EACD8B /* Wattering plantUITests */,
				D9F92E8228C78FB700EACD8B /* Products */,
			);
			sourceTree = "<group>";
		};
		D9F92E8228C78FB700EACD8B /* Products */ = {
			isa = PBXGroup;
			children = (
				D9F92E8128C78FB700EACD8B /* Wattering plant.app */,
				D9F92E9A28C78FB800EACD8B /* Wattering plantTests.xctest */,
				D9F92EA428C78FB800EACD8B /* Wattering plantUITests.xctest */,
			);
			name = Products;
			sourceTree = "<group>";
		};
		D9F92E8328C78FB700EACD8B /* Wattering plant */ = {
			isa = PBXGroup;
			children = (
				D9F723C828CF690C0016D9E0 /* Animations - Json */,
				D9F92E8428C78FB700EACD8B /* AppDelegate.swift */,
				D9F92E8628C78FB700EACD8B /* SceneDelegate.swift */,
				D9F92E8828C78FB700EACD8B /* ViewController.swift */,
				D9F723BF28CF5B340016D9E0 /* SplashLoading.swift */,
				D9F92E9028C78FB800EACD8B /* Assets.xcassets */,
				D9F92E9228C78FB800EACD8B /* LaunchScreen.storyboard */,
				D9F92E9528C78FB800EACD8B /* Info.plist */,
				D9F92E8D28C78FB700EACD8B /* Wattering_plant.xcdatamodeld */,
				D9F723C428CF5D7E0016D9E0 /* LottieView.swift */,
			);
			path = "Wattering plant";
			sourceTree = "<group>";
		};
		D9F92E9D28C78FB800EACD8B /* Wattering plantTests */ = {
			isa = PBXGroup;
			children = (
				D9F92E9E28C78FB800EACD8B /* Wattering_plantTests.swift */,
			);
			path = "Wattering plantTests";
			sourceTree = "<group>";
		};
		D9F92EA728C78FB800EACD8B /* Wattering plantUITests */ = {
			isa = PBXGroup;
			children = (
				D9F92EA828C78FB800EACD8B /* Wattering_plantUITests.swift */,
				D9F92EAA28C78FB800EACD8B /* Wattering_plantUITestsLaunchTests.swift */,
			);
			path = "Wattering plantUITests";
			sourceTree = "<group>";
		};
/* End PBXGroup section */

/* Begin PBXNativeTarget section */
		D9F92E8028C78FB700EACD8B /* Wattering plant */ = {
			isa = PBXNativeTarget;
			buildConfigurationList = D9F92EAE28C78FB800EACD8B /* Build configuration list for PBXNativeTarget "Wattering plant" */;
			buildPhases = (
				D9F92E7D28C78FB700EACD8B /* Sources */,
				D9F92E7E28C78FB700EACD8B /* Frameworks */,
				D9F92E7F28C78FB700EACD8B /* Resources */,
			);
			buildRules = (
			);
			dependencies = (
			);
			name = "Wattering plant";
			packageProductDependencies = (
				D9F723C228CF5C0F0016D9E0 /* Lottie */,
			);
			productName = "Wattering plant";
			productReference = D9F92E8128C78FB700EACD8B /* Wattering plant.app */;
			productType = "com.apple.product-type.application";
		};
		D9F92E9928C78FB800EACD8B /* Wattering plantTests */ = {
			isa = PBXNativeTarget;
			buildConfigurationList = D9F92EB128C78FB800EACD8B /* Build configuration list for PBXNativeTarget "Wattering plantTests" */;
			buildPhases = (
				D9F92E9628C78FB800EACD8B /* Sources */,
				D9F92E9728C78FB800EACD8B /* Frameworks */,
				D9F92E9828C78FB800EACD8B /* Resources */,
			);
			buildRules = (
			);
			dependencies = (
				D9F92E9C28C78FB800EACD8B /* PBXTargetDependency */,
			);
			name = "Wattering plantTests";
			productName = "Wattering plantTests";
			productReference = D9F92E9A28C78FB800EACD8B /* Wattering plantTests.xctest */;
			productType = "com.apple.product-type.bundle.unit-test";
		};
		D9F92EA328C78FB800EACD8B /* Wattering plantUITests */ = {
			isa = PBXNativeTarget;
			buildConfigurationList = D9F92EB428C78FB800EACD8B /* Build configuration list for PBXNativeTarget "Wattering plantUITests" */;
			buildPhases = (
				D9F92EA028C78FB800EACD8B /* Sources */,
				D9F92EA128C78FB800EACD8B /* Frameworks */,
				D9F92EA228C78FB800EACD8B /* Resources */,
			);
			buildRules = (
			);
			dependencies = (
				D9F92EA628C78FB800EACD8B /* PBXTargetDependency */,
			);
			name = "Wattering plantUITests";
			productName = "Wattering plantUITests";
			productReference = D9F92EA428C78FB800EACD8B /* Wattering plantUITests.xctest */;
			productType = "com.apple.product-type.bundle.ui-testing";
		};
/* End PBXNativeTarget section */

/* Begin PBXProject section */
		D9F92E7928C78FB700EACD8B /* Project object */ = {
			isa = PBXProject;
			attributes = {
				BuildIndependentTargetsInParallel = 1;
				LastSwiftUpdateCheck = 1320;
				LastUpgradeCheck = 1320;
				TargetAttributes = {
					D9F92E8028C78FB700EACD8B = {
						CreatedOnToolsVersion = 13.2.1;
					};
					D9F92E9928C78FB800EACD8B = {
						CreatedOnToolsVersion = 13.2.1;
						TestTargetID = D9F92E8028C78FB700EACD8B;
					};
					D9F92EA328C78FB800EACD8B = {
						CreatedOnToolsVersion = 13.2.1;
						TestTargetID = D9F92E8028C78FB700EACD8B;
					};
				};
			};
			buildConfigurationList = D9F92E7C28C78FB700EACD8B /* Build configuration list for PBXProject "Wattering plant" */;
			compatibilityVersion = "Xcode 13.0";
			developmentRegion = en;
			hasScannedForEncodings = 0;
			knownRegions = (
				en,
				Base,
			);
			mainGroup = D9F92E7828C78FB700EACD8B;
			packageReferences = (
				D9F723C128CF5C0E0016D9E0 /* XCRemoteSwiftPackageReference "lottie-ios" */,
			);
			productRefGroup = D9F92E8228C78FB700EACD8B /* Products */;
			projectDirPath = "";
			projectRoot = "";
			targets = (
				D9F92E8028C78FB700EACD8B /* Wattering plant */,
				D9F92E9928C78FB800EACD8B /* Wattering plantTests */,
				D9F92EA328C78FB800EACD8B /* Wattering plantUITests */,
			);
		};
/* End PBXProject section */

/* Begin PBXResourcesBuildPhase section */
		D9F92E7F28C78FB700EACD8B /* Resources */ = {
			isa = PBXResourcesBuildPhase;
			buildActionMask = 2147483647;
			files = (
				D9F723D628D0A7C60016D9E0 /* planting.json in Resources */,
				D9F92E9428C78FB800EACD8B /* LaunchScreen.storyboard in Resources */,
				D9F723D028D0A1CE0016D9E0 /* loadingwater.json in Resources */,
				D9F92E9128C78FB800EACD8B /* Assets.xcassets in Resources */,
			);
			runOnlyForDeploymentPostprocessing = 0;
		};
		D9F92E9828C78FB800EACD8B /* Resources */ = {
			isa = PBXResourcesBuildPhase;
			buildActionMask = 2147483647;
			files = (
			);
			runOnlyForDeploymentPostprocessing = 0;
		};
		D9F92EA228C78FB800EACD8B /* Resources */ = {
			isa = PBXResourcesBuildPhase;
			buildActionMask = 2147483647;
			files = (
			);
			runOnlyForDeploymentPostprocessing = 0;
		};
/* End PBXResourcesBuildPhase section */

/* Begin PBXSourcesBuildPhase section */
		D9F92E7D28C78FB700EACD8B /* Sources */ = {
			isa = PBXSourcesBuildPhase;
			buildActionMask = 2147483647;
			files = (
				D9F92E8928C78FB700EACD8B /* ViewController.swift in Sources */,
				D9F723C028CF5B340016D9E0 /* SplashLoading.swift in Sources */,
				D9F92E8528C78FB700EACD8B /* AppDelegate.swift in Sources */,
				D9F92E8728C78FB700EACD8B /* SceneDelegate.swift in Sources */,
				D9F92E8F28C78FB700EACD8B /* Wattering_plant.xcdatamodeld in Sources */,
				D9F723C528CF5D7E0016D9E0 /* LottieView.swift in Sources */,
			);
			runOnlyForDeploymentPostprocessing = 0;
		};
		D9F92E9628C78FB800EACD8B /* Sources */ = {
			isa = PBXSourcesBuildPhase;
			buildActionMask = 2147483647;
			files = (
				D9F92E9F28C78FB800EACD8B /* Wattering_plantTests.swift in Sources */,
			);
			runOnlyForDeploymentPostprocessing = 0;
		};
		D9F92EA028C78FB800EACD8B /* Sources */ = {
			isa = PBXSourcesBuildPhase;
			buildActionMask = 2147483647;
			files = (
				D9F92EAB28C78FB800EACD8B /* Wattering_plantUITestsLaunchTests.swift in Sources */,
				D9F92EA928C78FB800EACD8B /* Wattering_plantUITests.swift in Sources */,
			);
			runOnlyForDeploymentPostprocessing = 0;
		};
/* End PBXSourcesBuildPhase section */

/* Begin PBXTargetDependency section */
		D9F92E9C28C78FB800EACD8B /* PBXTargetDependency */ = {
			isa = PBXTargetDependency;
			target = D9F92E8028C78FB700EACD8B /* Wattering plant */;
			targetProxy = D9F92E9B28C78FB800EACD8B /* PBXContainerItemProxy */;
		};
		D9F92EA628C78FB800EACD8B /* PBXTargetDependency */ = {
			isa = PBXTargetDependency;
			target = D9F92E8028C78FB700EACD8B /* Wattering plant */;
			targetProxy = D9F92EA528C78FB800EACD8B /* PBXContainerItemProxy */;
		};
/* End PBXTargetDependency section */

/* Begin PBXVariantGroup section */
		D9F92E9228C78FB800EACD8B /* LaunchScreen.storyboard */ = {
			isa = PBXVariantGroup;
			children = (
				D9F92E9328C78FB800EACD8B /* Base */,
			);
			name = LaunchScreen.storyboard;
			sourceTree = "<group>";
		};
/* End PBXVariantGroup section */

/* Begin XCBuildConfiguration section */
		D9F92EAC28C78FB800EACD8B /* Debug */ = {
			isa = XCBuildConfiguration;
			buildSettings = {
				ALWAYS_SEARCH_USER_PATHS = NO;
				CLANG_ANALYZER_NONNULL = YES;
				CLANG_ANALYZER_NUMBER_OBJECT_CONVERSION = YES_AGGRESSIVE;
				CLANG_CXX_LANGUAGE_STANDARD = "gnu++17";
				CLANG_CXX_LIBRARY = "libc++";
				CLANG_ENABLE_MODULES = YES;
				CLANG_ENABLE_OBJC_ARC = YES;
				CLANG_ENABLE_OBJC_WEAK = YES;
				CLANG_WARN_BLOCK_CAPTURE_AUTORELEASING = YES;
				CLANG_WARN_BOOL_CONVERSION = YES;
				CLANG_WARN_COMMA = YES;
				CLANG_WARN_CONSTANT_CONVERSION = YES;
				CLANG_WARN_DEPRECATED_OBJC_IMPLEMENTATIONS = YES;
				CLANG_WARN_DIRECT_OBJC_ISA_USAGE = YES_ERROR;
				CLANG_WARN_DOCUMENTATION_COMMENTS = YES;
				CLANG_WARN_EMPTY_BODY = YES;
				CLANG_WARN_ENUM_CONVERSION = YES;
				CLANG_WARN_INFINITE_RECURSION = YES;
				CLANG_WARN_INT_CONVERSION = YES;
				CLANG_WARN_NON_LITERAL_NULL_CONVERSION = YES;
				CLANG_WARN_OBJC_IMPLICIT_RETAIN_SELF = YES;
				CLANG_WARN_OBJC_LITERAL_CONVERSION = YES;
				CLANG_WARN_OBJC_ROOT_CLASS = YES_ERROR;
				CLANG_WARN_QUOTED_INCLUDE_IN_FRAMEWORK_HEADER = YES;
				CLANG_WARN_RANGE_LOOP_ANALYSIS = YES;
				CLANG_WARN_STRICT_PROTOTYPES = YES;
				CLANG_WARN_SUSPICIOUS_MOVE = YES;
				CLANG_WARN_UNGUARDED_AVAILABILITY = YES_AGGRESSIVE;
				CLANG_WARN_UNREACHABLE_CODE = YES;
				CLANG_WARN__DUPLICATE_METHOD_MATCH = YES;
				COPY_PHASE_STRIP = NO;
				DEAD_CODE_STRIPPING = NO;
				DEBUG_INFORMATION_FORMAT = dwarf;
				ENABLE_STRICT_OBJC_MSGSEND = YES;
				ENABLE_TESTABILITY = YES;
				GCC_C_LANGUAGE_STANDARD = gnu11;
				GCC_DYNAMIC_NO_PIC = NO;
				GCC_NO_COMMON_BLOCKS = YES;
				GCC_OPTIMIZATION_LEVEL = 0;
				GCC_PREPROCESSOR_DEFINITIONS = (
					"DEBUG=1",
					"$(inherited)",
				);
				GCC_WARN_64_TO_32_BIT_CONVERSION = YES;
				GCC_WARN_ABOUT_RETURN_TYPE = YES_ERROR;
				GCC_WARN_UNDECLARED_SELECTOR = YES;
				GCC_WARN_UNINITIALIZED_AUTOS = YES_AGGRESSIVE;
				GCC_WARN_UNUSED_FUNCTION = YES;
				GCC_WARN_UNUSED_VARIABLE = YES;
				IPHONEOS_DEPLOYMENT_TARGET = 15.2;
				MTL_ENABLE_DEBUG_INFO = INCLUDE_SOURCE;
				MTL_FAST_MATH = YES;
				ONLY_ACTIVE_ARCH = YES;
				SDKROOT = iphoneos;
				SWIFT_ACTIVE_COMPILATION_CONDITIONS = DEBUG;
				SWIFT_OPTIMIZATION_LEVEL = "-Onone";
			};
			name = Debug;
		};
		D9F92EAD28C78FB800EACD8B /* Release */ = {
			isa = XCBuildConfiguration;
			buildSettings = {
				ALWAYS_SEARCH_USER_PATHS = NO;
				CLANG_ANALYZER_NONNULL = YES;
				CLANG_ANALYZER_NUMBER_OBJECT_CONVERSION = YES_AGGRESSIVE;
				CLANG_CXX_LANGUAGE_STANDARD = "gnu++17";
				CLANG_CXX_LIBRARY = "libc++";
				CLANG_ENABLE_MODULES = YES;
				CLANG_ENABLE_OBJC_ARC = YES;
				CLANG_ENABLE_OBJC_WEAK = YES;
				CLANG_WARN_BLOCK_CAPTURE_AUTORELEASING = YES;
				CLANG_WARN_BOOL_CONVERSION = YES;
				CLANG_WARN_COMMA = YES;
				CLANG_WARN_CONSTANT_CONVERSION = YES;
				CLANG_WARN_DEPRECATED_OBJC_IMPLEMENTATIONS = YES;
				CLANG_WARN_DIRECT_OBJC_ISA_USAGE = YES_ERROR;
				CLANG_WARN_DOCUMENTATION_COMMENTS = YES;
				CLANG_WARN_EMPTY_BODY = YES;
				CLANG_WARN_ENUM_CONVERSION = YES;
				CLANG_WARN_INFINITE_RECURSION = YES;
				CLANG_WARN_INT_CONVERSION = YES;
				CLANG_WARN_NON_LITERAL_NULL_CONVERSION = YES;
				CLANG_WARN_OBJC_IMPLICIT_RETAIN_SELF = YES;
				CLANG_WARN_OBJC_LITERAL_CONVERSION = YES;
				CLANG_WARN_OBJC_ROOT_CLASS = YES_ERROR;
				CLANG_WARN_QUOTED_INCLUDE_IN_FRAMEWORK_HEADER = YES;
				CLANG_WARN_RANGE_LOOP_ANALYSIS = YES;
				CLANG_WARN_STRICT_PROTOTYPES = YES;
				CLANG_WARN_SUSPICIOUS_MOVE = YES;
				CLANG_WARN_UNGUARDED_AVAILABILITY = YES_AGGRESSIVE;
				CLANG_WARN_UNREACHABLE_CODE = YES;
				CLANG_WARN__DUPLICATE_METHOD_MATCH = YES;
				COPY_PHASE_STRIP = NO;
				DEAD_CODE_STRIPPING = NO;
				DEBUG_INFORMATION_FORMAT = "dwarf-with-dsym";
				ENABLE_NS_ASSERTIONS = NO;
				ENABLE_STRICT_OBJC_MSGSEND = YES;
				GCC_C_LANGUAGE_STANDARD = gnu11;
				GCC_NO_COMMON_BLOCKS = YES;
				GCC_WARN_64_TO_32_BIT_CONVERSION = YES;
				GCC_WARN_ABOUT_RETURN_TYPE = YES_ERROR;
				GCC_WARN_UNDECLARED_SELECTOR = YES;
				GCC_WARN_UNINITIALIZED_AUTOS = YES_AGGRESSIVE;
				GCC_WARN_UNUSED_FUNCTION = YES;
				GCC_WARN_UNUSED_VARIABLE = YES;
				IPHONEOS_DEPLOYMENT_TARGET = 15.2;
				MTL_ENABLE_DEBUG_INFO = NO;
				MTL_FAST_MATH = YES;
				SDKROOT = iphoneos;
				SWIFT_COMPILATION_MODE = wholemodule;
				SWIFT_OPTIMIZATION_LEVEL = "-O";
				VALIDATE_PRODUCT = YES;
			};
			name = Release;
		};
		D9F92EAF28C78FB800EACD8B /* Debug */ = {
			isa = XCBuildConfiguration;
			buildSettings = {
				ASSETCATALOG_COMPILER_APPICON_NAME = AppIcon;
				ASSETCATALOG_COMPILER_GLOBAL_ACCENT_COLOR_NAME = AccentColor;
				CODE_SIGN_STYLE = Automatic;
				CURRENT_PROJECT_VERSION = 1;
				DEVELOPMENT_TEAM = SMA3U9UPC8;
				GENERATE_INFOPLIST_FILE = YES;
				INFOPLIST_FILE = "Wattering plant/Info.plist";
				INFOPLIST_KEY_UIApplicationSupportsIndirectInputEvents = YES;
				INFOPLIST_KEY_UILaunchStoryboardName = LaunchScreen;
				INFOPLIST_KEY_UISupportedInterfaceOrientations_iPad = "UIInterfaceOrientationPortrait UIInterfaceOrientationPortraitUpsideDown UIInterfaceOrientationLandscapeLeft UIInterfaceOrientationLandscapeRight";
				INFOPLIST_KEY_UISupportedInterfaceOrientations_iPhone = "UIInterfaceOrientationPortrait UIInterfaceOrientationLandscapeLeft UIInterfaceOrientationLandscapeRight";
				LD_RUNPATH_SEARCH_PATHS = (
					"$(inherited)",
					"@executable_path/Frameworks",
				);
				MARKETING_VERSION = 1.0;
				PRODUCT_BUNDLE_IDENTIFIER = "xcode.leticiafirstprogram.edu.Wattering-plant";
				PRODUCT_NAME = "$(TARGET_NAME)";
				SWIFT_EMIT_LOC_STRINGS = YES;
				SWIFT_VERSION = 5.0;
				TARGETED_DEVICE_FAMILY = "1,2";
			};
			name = Debug;
		};
		D9F92EB028C78FB800EACD8B /* Release */ = {
			isa = XCBuildConfiguration;
			buildSettings = {
				ASSETCATALOG_COMPILER_APPICON_NAME = AppIcon;
				ASSETCATALOG_COMPILER_GLOBAL_ACCENT_COLOR_NAME = AccentColor;
				CODE_SIGN_STYLE = Automatic;
				CURRENT_PROJECT_VERSION = 1;
				DEVELOPMENT_TEAM = SMA3U9UPC8;
				GENERATE_INFOPLIST_FILE = YES;
				INFOPLIST_FILE = "Wattering plant/Info.plist";
				INFOPLIST_KEY_UIApplicationSupportsIndirectInputEvents = YES;
				INFOPLIST_KEY_UILaunchStoryboardName = LaunchScreen;
				INFOPLIST_KEY_UISupportedInterfaceOrientations_iPad = "UIInterfaceOrientationPortrait UIInterfaceOrientationPortraitUpsideDown UIInterfaceOrientationLandscapeLeft UIInterfaceOrientationLandscapeRight";
				INFOPLIST_KEY_UISupportedInterfaceOrientations_iPhone = "UIInterfaceOrientationPortrait UIInterfaceOrientationLandscapeLeft UIInterfaceOrientationLandscapeRight";
				LD_RUNPATH_SEARCH_PATHS = (
					"$(inherited)",
					"@executable_path/Frameworks",
				);
				MARKETING_VERSION = 1.0;
				PRODUCT_BUNDLE_IDENTIFIER = "xcode.leticiafirstprogram.edu.Wattering-plant";
				PRODUCT_NAME = "$(TARGET_NAME)";
				SWIFT_EMIT_LOC_STRINGS = YES;
				SWIFT_VERSION = 5.0;
				TARGETED_DEVICE_FAMILY = "1,2";
			};
			name = Release;
		};
		D9F92EB228C78FB800EACD8B /* Debug */ = {
			isa = XCBuildConfiguration;
			buildSettings = {
				ALWAYS_EMBED_SWIFT_STANDARD_LIBRARIES = YES;
				BUNDLE_LOADER = "$(TEST_HOST)";
				CODE_SIGN_STYLE = Automatic;
				CURRENT_PROJECT_VERSION = 1;
				DEVELOPMENT_TEAM = SMA3U9UPC8;
				GENERATE_INFOPLIST_FILE = YES;
				IPHONEOS_DEPLOYMENT_TARGET = 15.2;
				MARKETING_VERSION = 1.0;
				PRODUCT_BUNDLE_IDENTIFIER = "xcode.leticiafirstprogram.edu.Wattering-plantTests";
				PRODUCT_NAME = "$(TARGET_NAME)";
				SWIFT_EMIT_LOC_STRINGS = NO;
				SWIFT_VERSION = 5.0;
				TARGETED_DEVICE_FAMILY = "1,2";
				TEST_HOST = "$(BUILT_PRODUCTS_DIR)/Wattering plant.app/Wattering plant";
			};
			name = Debug;
		};
		D9F92EB328C78FB800EACD8B /* Release */ = {
			isa = XCBuildConfiguration;
			buildSettings = {
				ALWAYS_EMBED_SWIFT_STANDARD_LIBRARIES = YES;
				BUNDLE_LOADER = "$(TEST_HOST)";
				CODE_SIGN_STYLE = Automatic;
				CURRENT_PROJECT_VERSION = 1;
				DEVELOPMENT_TEAM = SMA3U9UPC8;
				GENERATE_INFOPLIST_FILE = YES;
				IPHONEOS_DEPLOYMENT_TARGET = 15.2;
				MARKETING_VERSION = 1.0;
				PRODUCT_BUNDLE_IDENTIFIER = "xcode.leticiafirstprogram.edu.Wattering-plantTests";
				PRODUCT_NAME = "$(TARGET_NAME)";
				SWIFT_EMIT_LOC_STRINGS = NO;
				SWIFT_VERSION = 5.0;
				TARGETED_DEVICE_FAMILY = "1,2";
				TEST_HOST = "$(BUILT_PRODUCTS_DIR)/Wattering plant.app/Wattering plant";
			};
			name = Release;
		};
		D9F92EB528C78FB800EACD8B /* Debug */ = {
			isa = XCBuildConfiguration;
			buildSettings = {
				ALWAYS_EMBED_SWIFT_STANDARD_LIBRARIES = YES;
				CODE_SIGN_STYLE = Automatic;
				CURRENT_PROJECT_VERSION = 1;
				DEVELOPMENT_TEAM = SMA3U9UPC8;
				GENERATE_INFOPLIST_FILE = YES;
				MARKETING_VERSION = 1.0;
				PRODUCT_BUNDLE_IDENTIFIER = "xcode.leticiafirstprogram.edu.Wattering-plantUITests";
				PRODUCT_NAME = "$(TARGET_NAME)";
				SWIFT_EMIT_LOC_STRINGS = NO;
				SWIFT_VERSION = 5.0;
				TARGETED_DEVICE_FAMILY = "1,2";
				TEST_TARGET_NAME = "Wattering plant";
			};
			name = Debug;
		};
		D9F92EB628C78FB800EACD8B /* Release */ = {
			isa = XCBuildConfiguration;
			buildSettings = {
				ALWAYS_EMBED_SWIFT_STANDARD_LIBRARIES = YES;
				CODE_SIGN_STYLE = Automatic;
				CURRENT_PROJECT_VERSION = 1;
				DEVELOPMENT_TEAM = SMA3U9UPC8;
				GENERATE_INFOPLIST_FILE = YES;
				MARKETING_VERSION = 1.0;
				PRODUCT_BUNDLE_IDENTIFIER = "xcode.leticiafirstprogram.edu.Wattering-plantUITests";
				PRODUCT_NAME = "$(TARGET_NAME)";
				SWIFT_EMIT_LOC_STRINGS = NO;
				SWIFT_VERSION = 5.0;
				TARGETED_DEVICE_FAMILY = "1,2";
				TEST_TARGET_NAME = "Wattering plant";
			};
			name = Release;
		};
/* End XCBuildConfiguration section */

/* Begin XCConfigurationList section */
		D9F92E7C28C78FB700EACD8B /* Build configuration list for PBXProject "Wattering plant" */ = {
			isa = XCConfigurationList;
			buildConfigurations = (
				D9F92EAC28C78FB800EACD8B /* Debug */,
				D9F92EAD28C78FB800EACD8B /* Release */,
			);
			defaultConfigurationIsVisible = 0;
			defaultConfigurationName = Release;
		};
		D9F92EAE28C78FB800EACD8B /* Build configuration list for PBXNativeTarget "Wattering plant" */ = {
			isa = XCConfigurationList;
			buildConfigurations = (
				D9F92EAF28C78FB800EACD8B /* Debug */,
				D9F92EB028C78FB800EACD8B /* Release */,
			);
			defaultConfigurationIsVisible = 0;
			defaultConfigurationName = Release;
		};
		D9F92EB128C78FB800EACD8B /* Build configuration list for PBXNativeTarget "Wattering plantTests" */ = {
			isa = XCConfigurationList;
			buildConfigurations = (
				D9F92EB228C78FB800EACD8B /* Debug */,
				D9F92EB328C78FB800EACD8B /* Release */,
			);
			defaultConfigurationIsVisible = 0;
			defaultConfigurationName = Release;
		};
		D9F92EB428C78FB800EACD8B /* Build configuration list for PBXNativeTarget "Wattering plantUITests" */ = {
			isa = XCConfigurationList;
			buildConfigurations = (
				D9F92EB528C78FB800EACD8B /* Debug */,
				D9F92EB628C78FB800EACD8B /* Release */,
			);
			defaultConfigurationIsVisible = 0;
			defaultConfigurationName = Release;
		};
/* End XCConfigurationList section */

/* Begin XCRemoteSwiftPackageReference section */
		D9F723C128CF5C0E0016D9E0 /* XCRemoteSwiftPackageReference "lottie-ios" */ = {
			isa = XCRemoteSwiftPackageReference;
			repositoryURL = "https://github.com/airbnb/lottie-ios";
			requirement = {
				kind = upToNextMajorVersion;
				minimumVersion = 3.0.0;
			};
		};
/* End XCRemoteSwiftPackageReference section */

/* Begin XCSwiftPackageProductDependency section */
		D9F723C228CF5C0F0016D9E0 /* Lottie */ = {
			isa = XCSwiftPackageProductDependency;
			package = D9F723C128CF5C0E0016D9E0 /* XCRemoteSwiftPackageReference "lottie-ios" */;
			productName = Lottie;
		};
/* End XCSwiftPackageProductDependency section */

/* Begin XCVersionGroup section */
		D9F92E8D28C78FB700EACD8B /* Wattering_plant.xcdatamodeld */ = {
			isa = XCVersionGroup;
			children = (
				D9F92E8E28C78FB700EACD8B /* Wattering_plant.xcdatamodel */,
			);
			currentVersion = D9F92E8E28C78FB700EACD8B /* Wattering_plant.xcdatamodel */;
			path = Wattering_plant.xcdatamodeld;
			sourceTree = "<group>";
			versionGroupType = wrapper.xcdatamodel;
		};
/* End XCVersionGroup section */
	};
	rootObject = D9F92E7928C78FB700EACD8B /* Project object */;
}
